
Microsoft Visual Studio Solution File, Format Version 12.00
# Visual Studio Version 17
VisualStudioVersion = 17.8.34330.188
MinimumVisualStudioVersion = 10.0.40219.1
Project("{FAE04EC0-301F-11D3-BF4B-00C04F79EFBC}") = "Membros-Virtuais", "Membros-Virtuais\Membros-Virtuais.csproj", "{F1030D4C-F722-4564-8F56-3A3C202B4C7F}"
EndProject
Global
	GlobalSection(SolutionConfigurationPlatforms) = preSolution
		Debug|Any CPU = Debug|Any CPU
		Release|Any CPU = Release|Any CPU
	EndGlobalSection
	GlobalSection(ProjectConfigurationPlatforms) = postSolution
		{F1030D4C-F722-4564-8F56-3A3C202B4C7F}.Debug|Any CPU.ActiveCfg = Debug|Any CPU
		{F1030D4C-F722-4564-8F56-3A3C202B4C7F}.Debug|Any CPU.Build.0 = Debug|Any CPU
		{F1030D4C-F722-4564-8F56-3A3C202B4C7F}.Release|Any CPU.ActiveCfg = Release|Any CPU
		{F1030D4C-F722-4564-8F56-3A3C202B4C7F}.Release|Any CPU.Build.0 = Release|Any CPU
	EndGlobalSection
	GlobalSection(SolutionProperties) = preSolution
		HideSolutionNode = FALSE
	EndGlobalSection
	GlobalSection(ExtensibilityGlobals) = postSolution
		SolutionGuid = {39018B2B-C645-4DCD-AE42-6972446A4F83}
	EndGlobalSection
EndGlobal
