
Microsoft Visual Studio Solution File, Format Version 12.00
# Visual Studio Version 17
VisualStudioVersion = 17.8.34330.188
MinimumVisualStudioVersion = 10.0.40219.1
Project("{FAE04EC0-301F-11D3-BF4B-00C04F79EFBC}") = "Ex_8-9", "Ex_8-9\Ex_8-9.csproj", "{91FCFD6C-6BCA-4427-9379-F93E80AFF746}"
EndProject
Global
	GlobalSection(SolutionConfigurationPlatforms) = preSolution
		Debug|Any CPU = Debug|Any CPU
		Release|Any CPU = Release|Any CPU
	EndGlobalSection
	GlobalSection(ProjectConfigurationPlatforms) = postSolution
		{91FCFD6C-6BCA-4427-9379-F93E80AFF746}.Debug|Any CPU.ActiveCfg = Debug|Any CPU
		{91FCFD6C-6BCA-4427-9379-F93E80AFF746}.Debug|Any CPU.Build.0 = Debug|Any CPU
		{91FCFD6C-6BCA-4427-9379-F93E80AFF746}.Release|Any CPU.ActiveCfg = Release|Any CPU
		{91FCFD6C-6BCA-4427-9379-F93E80AFF746}.Release|Any CPU.Build.0 = Release|Any CPU
	EndGlobalSection
	GlobalSection(SolutionProperties) = preSolution
		HideSolutionNode = FALSE
	EndGlobalSection
	GlobalSection(ExtensibilityGlobals) = postSolution
		SolutionGuid = {8AE22F54-EFED-423C-A38C-19DAD2BC0436}
	EndGlobalSection
EndGlobal
