
Microsoft Visual Studio Solution File, Format Version 12.00
# Visual Studio Version 17
VisualStudioVersion = 17.8.34330.188
MinimumVisualStudioVersion = 10.0.40219.1
Project("{FAE04EC0-301F-11D3-BF4B-00C04F79EFBC}") = "Metodos para Arrays", "Metodos para Arrays\Metodos para Arrays.csproj", "{A3D9C839-77B4-4B35-AD0C-335E5C7B6368}"
EndProject
Global
	GlobalSection(SolutionConfigurationPlatforms) = preSolution
		Debug|Any CPU = Debug|Any CPU
		Release|Any CPU = Release|Any CPU
	EndGlobalSection
	GlobalSection(ProjectConfigurationPlatforms) = postSolution
		{A3D9C839-77B4-4B35-AD0C-335E5C7B6368}.Debug|Any CPU.ActiveCfg = Debug|Any CPU
		{A3D9C839-77B4-4B35-AD0C-335E5C7B6368}.Debug|Any CPU.Build.0 = Debug|Any CPU
		{A3D9C839-77B4-4B35-AD0C-335E5C7B6368}.Release|Any CPU.ActiveCfg = Release|Any CPU
		{A3D9C839-77B4-4B35-AD0C-335E5C7B6368}.Release|Any CPU.Build.0 = Release|Any CPU
	EndGlobalSection
	GlobalSection(SolutionProperties) = preSolution
		HideSolutionNode = FALSE
	EndGlobalSection
	GlobalSection(ExtensibilityGlobals) = postSolution
		SolutionGuid = {19AA8F2D-1F4C-4DF7-874D-490464BE3543}
	EndGlobalSection
EndGlobal
