
Microsoft Visual Studio Solution File, Format Version 12.00
# Visual Studio Version 17
VisualStudioVersion = 17.8.34330.188
MinimumVisualStudioVersion = 10.0.40219.1
Project("{FAE04EC0-301F-11D3-BF4B-00C04F79EFBC}") = "CalculadoraSimples", "CalculadoraSimples\CalculadoraSimples.csproj", "{49C22872-EE5F-4AFC-9617-B7F9C294A5BF}"
EndProject
Global
	GlobalSection(SolutionConfigurationPlatforms) = preSolution
		Debug|Any CPU = Debug|Any CPU
		Release|Any CPU = Release|Any CPU
	EndGlobalSection
	GlobalSection(ProjectConfigurationPlatforms) = postSolution
		{49C22872-EE5F-4AFC-9617-B7F9C294A5BF}.Debug|Any CPU.ActiveCfg = Debug|Any CPU
		{49C22872-EE5F-4AFC-9617-B7F9C294A5BF}.Debug|Any CPU.Build.0 = Debug|Any CPU
		{49C22872-EE5F-4AFC-9617-B7F9C294A5BF}.Release|Any CPU.ActiveCfg = Release|Any CPU
		{49C22872-EE5F-4AFC-9617-B7F9C294A5BF}.Release|Any CPU.Build.0 = Release|Any CPU
	EndGlobalSection
	GlobalSection(SolutionProperties) = preSolution
		HideSolutionNode = FALSE
	EndGlobalSection
	GlobalSection(ExtensibilityGlobals) = postSolution
		SolutionGuid = {5E440EAF-09EA-4E83-AC7E-F9F73679A6EA}
	EndGlobalSection
EndGlobal
