
Microsoft Visual Studio Solution File, Format Version 12.00
# Visual Studio Version 17
VisualStudioVersion = 17.8.34525.116
MinimumVisualStudioVersion = 10.0.40219.1
Project("{FAE04EC0-301F-11D3-BF4B-00C04F79EFBC}") = "Heranca", "Heranca.csproj", "{017BDA29-7859-41C9-847F-23B8EA5259E5}"
EndProject
Global
	GlobalSection(SolutionConfigurationPlatforms) = preSolution
		Debug|Any CPU = Debug|Any CPU
		Release|Any CPU = Release|Any CPU
	EndGlobalSection
	GlobalSection(ProjectConfigurationPlatforms) = postSolution
		{017BDA29-7859-41C9-847F-23B8EA5259E5}.Debug|Any CPU.ActiveCfg = Debug|Any CPU
		{017BDA29-7859-41C9-847F-23B8EA5259E5}.Debug|Any CPU.Build.0 = Debug|Any CPU
		{017BDA29-7859-41C9-847F-23B8EA5259E5}.Release|Any CPU.ActiveCfg = Release|Any CPU
		{017BDA29-7859-41C9-847F-23B8EA5259E5}.Release|Any CPU.Build.0 = Release|Any CPU
	EndGlobalSection
	GlobalSection(SolutionProperties) = preSolution
		HideSolutionNode = FALSE
	EndGlobalSection
	GlobalSection(ExtensibilityGlobals) = postSolution
		SolutionGuid = {2AC28A26-FF65-4C21-9FDD-35A54A9FDBB0}
	EndGlobalSection
EndGlobal
