
Microsoft Visual Studio Solution File, Format Version 12.00
# Visual Studio Version 17
VisualStudioVersion = 17.8.34330.188
MinimumVisualStudioVersion = 10.0.40219.1
Project("{FAE04EC0-301F-11D3-BF4B-00C04F79EFBC}") = "Namespace", "Namespace\Namespace.csproj", "{BFA15134-585F-431A-B1E8-699289032489}"
EndProject
Global
	GlobalSection(SolutionConfigurationPlatforms) = preSolution
		Debug|Any CPU = Debug|Any CPU
		Release|Any CPU = Release|Any CPU
	EndGlobalSection
	GlobalSection(ProjectConfigurationPlatforms) = postSolution
		{BFA15134-585F-431A-B1E8-699289032489}.Debug|Any CPU.ActiveCfg = Debug|Any CPU
		{BFA15134-585F-431A-B1E8-699289032489}.Debug|Any CPU.Build.0 = Debug|Any CPU
		{BFA15134-585F-431A-B1E8-699289032489}.Release|Any CPU.ActiveCfg = Release|Any CPU
		{BFA15134-585F-431A-B1E8-699289032489}.Release|Any CPU.Build.0 = Release|Any CPU
	EndGlobalSection
	GlobalSection(SolutionProperties) = preSolution
		HideSolutionNode = FALSE
	EndGlobalSection
	GlobalSection(ExtensibilityGlobals) = postSolution
		SolutionGuid = {2E0EE373-210A-48DD-85D3-C450F7361BB0}
	EndGlobalSection
EndGlobal
