
Microsoft Visual Studio Solution File, Format Version 12.00
# Visual Studio Version 17
VisualStudioVersion = 17.8.34330.188
MinimumVisualStudioVersion = 10.0.40219.1
Project("{FAE04EC0-301F-11D3-BF4B-00C04F79EFBC}") = "Ex_4", "Ex_4\Ex_4.csproj", "{D6299723-10B8-4E59-ADF4-E52D2F132BE3}"
EndProject
Global
	GlobalSection(SolutionConfigurationPlatforms) = preSolution
		Debug|Any CPU = Debug|Any CPU
		Release|Any CPU = Release|Any CPU
	EndGlobalSection
	GlobalSection(ProjectConfigurationPlatforms) = postSolution
		{D6299723-10B8-4E59-ADF4-E52D2F132BE3}.Debug|Any CPU.ActiveCfg = Debug|Any CPU
		{D6299723-10B8-4E59-ADF4-E52D2F132BE3}.Debug|Any CPU.Build.0 = Debug|Any CPU
		{D6299723-10B8-4E59-ADF4-E52D2F132BE3}.Release|Any CPU.ActiveCfg = Release|Any CPU
		{D6299723-10B8-4E59-ADF4-E52D2F132BE3}.Release|Any CPU.Build.0 = Release|Any CPU
	EndGlobalSection
	GlobalSection(SolutionProperties) = preSolution
		HideSolutionNode = FALSE
	EndGlobalSection
	GlobalSection(ExtensibilityGlobals) = postSolution
		SolutionGuid = {437F3C63-4F0D-4E59-8190-97658FBCCE7C}
	EndGlobalSection
EndGlobal
