
Microsoft Visual Studio Solution File, Format Version 12.00
# Visual Studio Version 17
VisualStudioVersion = 17.8.34525.116
MinimumVisualStudioVersion = 10.0.40219.1
Project("{FAE04EC0-301F-11D3-BF4B-00C04F79EFBC}") = "Exercicio_1", "Exercicio_1.csproj", "{B6F26669-79A7-4608-8491-3C3D1027F61D}"
EndProject
Global
	GlobalSection(SolutionConfigurationPlatforms) = preSolution
		Debug|Any CPU = Debug|Any CPU
		Release|Any CPU = Release|Any CPU
	EndGlobalSection
	GlobalSection(ProjectConfigurationPlatforms) = postSolution
		{B6F26669-79A7-4608-8491-3C3D1027F61D}.Debug|Any CPU.ActiveCfg = Debug|Any CPU
		{B6F26669-79A7-4608-8491-3C3D1027F61D}.Debug|Any CPU.Build.0 = Debug|Any CPU
		{B6F26669-79A7-4608-8491-3C3D1027F61D}.Release|Any CPU.ActiveCfg = Release|Any CPU
		{B6F26669-79A7-4608-8491-3C3D1027F61D}.Release|Any CPU.Build.0 = Release|Any CPU
	EndGlobalSection
	GlobalSection(SolutionProperties) = preSolution
		HideSolutionNode = FALSE
	EndGlobalSection
	GlobalSection(ExtensibilityGlobals) = postSolution
		SolutionGuid = {114B6623-CB1A-4FDF-A6D3-8C36CAF95EAB}
	EndGlobalSection
EndGlobal
