
Microsoft Visual Studio Solution File, Format Version 12.00
# Visual Studio Version 17
VisualStudioVersion = 17.8.34330.188
MinimumVisualStudioVersion = 10.0.40219.1
Project("{FAE04EC0-301F-11D3-BF4B-00C04F79EFBC}") = "Ex", "Ex\Ex.csproj", "{A626155C-6A8B-4246-A06D-790D46493495}"
EndProject
Global
	GlobalSection(SolutionConfigurationPlatforms) = preSolution
		Debug|Any CPU = Debug|Any CPU
		Release|Any CPU = Release|Any CPU
	EndGlobalSection
	GlobalSection(ProjectConfigurationPlatforms) = postSolution
		{A626155C-6A8B-4246-A06D-790D46493495}.Debug|Any CPU.ActiveCfg = Debug|Any CPU
		{A626155C-6A8B-4246-A06D-790D46493495}.Debug|Any CPU.Build.0 = Debug|Any CPU
		{A626155C-6A8B-4246-A06D-790D46493495}.Release|Any CPU.ActiveCfg = Release|Any CPU
		{A626155C-6A8B-4246-A06D-790D46493495}.Release|Any CPU.Build.0 = Release|Any CPU
	EndGlobalSection
	GlobalSection(SolutionProperties) = preSolution
		HideSolutionNode = FALSE
	EndGlobalSection
	GlobalSection(ExtensibilityGlobals) = postSolution
		SolutionGuid = {BB66C23E-BD93-4850-8803-B3366977E086}
	EndGlobalSection
EndGlobal
