
Microsoft Visual Studio Solution File, Format Version 12.00
# Visual Studio Version 17
VisualStudioVersion = 17.8.34525.116
MinimumVisualStudioVersion = 10.0.40219.1
Project("{FAE04EC0-301F-11D3-BF4B-00C04F79EFBC}") = "Exercicio_5", "Exercicio_5.csproj", "{29ED7A1E-6133-4402-A6FA-197674BBF0E8}"
EndProject
Global
	GlobalSection(SolutionConfigurationPlatforms) = preSolution
		Debug|Any CPU = Debug|Any CPU
		Release|Any CPU = Release|Any CPU
	EndGlobalSection
	GlobalSection(ProjectConfigurationPlatforms) = postSolution
		{29ED7A1E-6133-4402-A6FA-197674BBF0E8}.Debug|Any CPU.ActiveCfg = Debug|Any CPU
		{29ED7A1E-6133-4402-A6FA-197674BBF0E8}.Debug|Any CPU.Build.0 = Debug|Any CPU
		{29ED7A1E-6133-4402-A6FA-197674BBF0E8}.Release|Any CPU.ActiveCfg = Release|Any CPU
		{29ED7A1E-6133-4402-A6FA-197674BBF0E8}.Release|Any CPU.Build.0 = Release|Any CPU
	EndGlobalSection
	GlobalSection(SolutionProperties) = preSolution
		HideSolutionNode = FALSE
	EndGlobalSection
	GlobalSection(ExtensibilityGlobals) = postSolution
		SolutionGuid = {3F1EF244-E0D1-4053-82C5-4A583CDE8E0C}
	EndGlobalSection
EndGlobal
