
Microsoft Visual Studio Solution File, Format Version 12.00
# Visual Studio Version 17
VisualStudioVersion = 17.8.34330.188
MinimumVisualStudioVersion = 10.0.40219.1
Project("{FAE04EC0-301F-11D3-BF4B-00C04F79EFBC}") = "Ex_2", "Ex_2\Ex_2.csproj", "{59B7327F-24F9-4EBC-87B6-91AE06BF2F6F}"
EndProject
Global
	GlobalSection(SolutionConfigurationPlatforms) = preSolution
		Debug|Any CPU = Debug|Any CPU
		Release|Any CPU = Release|Any CPU
	EndGlobalSection
	GlobalSection(ProjectConfigurationPlatforms) = postSolution
		{59B7327F-24F9-4EBC-87B6-91AE06BF2F6F}.Debug|Any CPU.ActiveCfg = Debug|Any CPU
		{59B7327F-24F9-4EBC-87B6-91AE06BF2F6F}.Debug|Any CPU.Build.0 = Debug|Any CPU
		{59B7327F-24F9-4EBC-87B6-91AE06BF2F6F}.Release|Any CPU.ActiveCfg = Release|Any CPU
		{59B7327F-24F9-4EBC-87B6-91AE06BF2F6F}.Release|Any CPU.Build.0 = Release|Any CPU
	EndGlobalSection
	GlobalSection(SolutionProperties) = preSolution
		HideSolutionNode = FALSE
	EndGlobalSection
	GlobalSection(ExtensibilityGlobals) = postSolution
		SolutionGuid = {7A381283-A4DD-4934-902B-298F3F7DA740}
	EndGlobalSection
EndGlobal
