
Microsoft Visual Studio Solution File, Format Version 12.00
# Visual Studio Version 17
VisualStudioVersion = 17.8.34330.188
MinimumVisualStudioVersion = 10.0.40219.1
Project("{FAE04EC0-301F-11D3-BF4B-00C04F79EFBC}") = "Metodos", "Metodos\Metodos.csproj", "{7E6AD28C-809B-49D9-8C38-A68FE1C3F55E}"
EndProject
Global
	GlobalSection(SolutionConfigurationPlatforms) = preSolution
		Debug|Any CPU = Debug|Any CPU
		Release|Any CPU = Release|Any CPU
	EndGlobalSection
	GlobalSection(ProjectConfigurationPlatforms) = postSolution
		{7E6AD28C-809B-49D9-8C38-A68FE1C3F55E}.Debug|Any CPU.ActiveCfg = Debug|Any CPU
		{7E6AD28C-809B-49D9-8C38-A68FE1C3F55E}.Debug|Any CPU.Build.0 = Debug|Any CPU
		{7E6AD28C-809B-49D9-8C38-A68FE1C3F55E}.Release|Any CPU.ActiveCfg = Release|Any CPU
		{7E6AD28C-809B-49D9-8C38-A68FE1C3F55E}.Release|Any CPU.Build.0 = Release|Any CPU
	EndGlobalSection
	GlobalSection(SolutionProperties) = preSolution
		HideSolutionNode = FALSE
	EndGlobalSection
	GlobalSection(ExtensibilityGlobals) = postSolution
		SolutionGuid = {FE4AB0A1-446C-4440-AE72-6097E21F5FE6}
	EndGlobalSection
EndGlobal
