
Microsoft Visual Studio Solution File, Format Version 12.00
# Visual Studio Version 17
VisualStudioVersion = 17.8.34525.116
MinimumVisualStudioVersion = 10.0.40219.1
Project("{FAE04EC0-301F-11D3-BF4B-00C04F79EFBC}") = "IComparable1", "IComparable\IComparable1.csproj", "{E2F4FC6E-2FC1-4D0E-8E72-AA6C293164F6}"
EndProject
Global
	GlobalSection(SolutionConfigurationPlatforms) = preSolution
		Debug|Any CPU = Debug|Any CPU
		Release|Any CPU = Release|Any CPU
	EndGlobalSection
	GlobalSection(ProjectConfigurationPlatforms) = postSolution
		{E2F4FC6E-2FC1-4D0E-8E72-AA6C293164F6}.Debug|Any CPU.ActiveCfg = Debug|Any CPU
		{E2F4FC6E-2FC1-4D0E-8E72-AA6C293164F6}.Debug|Any CPU.Build.0 = Debug|Any CPU
		{E2F4FC6E-2FC1-4D0E-8E72-AA6C293164F6}.Release|Any CPU.ActiveCfg = Release|Any CPU
		{E2F4FC6E-2FC1-4D0E-8E72-AA6C293164F6}.Release|Any CPU.Build.0 = Release|Any CPU
	EndGlobalSection
	GlobalSection(SolutionProperties) = preSolution
		HideSolutionNode = FALSE
	EndGlobalSection
	GlobalSection(ExtensibilityGlobals) = postSolution
		SolutionGuid = {23268F5F-8D78-4F3C-BE28-3B5CD9A0C4B8}
	EndGlobalSection
EndGlobal
