
Microsoft Visual Studio Solution File, Format Version 12.00
# Visual Studio Version 17
VisualStudioVersion = 17.8.34525.116
MinimumVisualStudioVersion = 10.0.40219.1
Project("{FAE04EC0-301F-11D3-BF4B-00C04F79EFBC}") = "Arrays", "Arrays.csproj", "{6789BBD0-7CE9-4C26-87F7-DB2A36A9B15C}"
EndProject
Global
	GlobalSection(SolutionConfigurationPlatforms) = preSolution
		Debug|Any CPU = Debug|Any CPU
		Release|Any CPU = Release|Any CPU
	EndGlobalSection
	GlobalSection(ProjectConfigurationPlatforms) = postSolution
		{6789BBD0-7CE9-4C26-87F7-DB2A36A9B15C}.Debug|Any CPU.ActiveCfg = Debug|Any CPU
		{6789BBD0-7CE9-4C26-87F7-DB2A36A9B15C}.Debug|Any CPU.Build.0 = Debug|Any CPU
		{6789BBD0-7CE9-4C26-87F7-DB2A36A9B15C}.Release|Any CPU.ActiveCfg = Release|Any CPU
		{6789BBD0-7CE9-4C26-87F7-DB2A36A9B15C}.Release|Any CPU.Build.0 = Release|Any CPU
	EndGlobalSection
	GlobalSection(SolutionProperties) = preSolution
		HideSolutionNode = FALSE
	EndGlobalSection
	GlobalSection(ExtensibilityGlobals) = postSolution
		SolutionGuid = {1FA16989-FEBF-476F-84CB-61BF53E0DBD7}
	EndGlobalSection
EndGlobal
