
Microsoft Visual Studio Solution File, Format Version 12.00
# Visual Studio Version 17
VisualStudioVersion = 17.8.34525.116
MinimumVisualStudioVersion = 10.0.40219.1
Project("{FAE04EC0-301F-11D3-BF4B-00C04F79EFBC}") = "Tratramento_Exception", "Tratramento_Exception.csproj", "{6957CA4E-1219-4803-9FFB-E65F64A0B1B3}"
EndProject
Global
	GlobalSection(SolutionConfigurationPlatforms) = preSolution
		Debug|Any CPU = Debug|Any CPU
		Release|Any CPU = Release|Any CPU
	EndGlobalSection
	GlobalSection(ProjectConfigurationPlatforms) = postSolution
		{6957CA4E-1219-4803-9FFB-E65F64A0B1B3}.Debug|Any CPU.ActiveCfg = Debug|Any CPU
		{6957CA4E-1219-4803-9FFB-E65F64A0B1B3}.Debug|Any CPU.Build.0 = Debug|Any CPU
		{6957CA4E-1219-4803-9FFB-E65F64A0B1B3}.Release|Any CPU.ActiveCfg = Release|Any CPU
		{6957CA4E-1219-4803-9FFB-E65F64A0B1B3}.Release|Any CPU.Build.0 = Release|Any CPU
	EndGlobalSection
	GlobalSection(SolutionProperties) = preSolution
		HideSolutionNode = FALSE
	EndGlobalSection
	GlobalSection(ExtensibilityGlobals) = postSolution
		SolutionGuid = {26E1C320-AC95-4FAF-B727-94A8AE7C7C3C}
	EndGlobalSection
EndGlobal
