
Microsoft Visual Studio Solution File, Format Version 12.00
# Visual Studio Version 17
VisualStudioVersion = 17.8.34525.116
MinimumVisualStudioVersion = 10.0.40219.1
Project("{FAE04EC0-301F-11D3-BF4B-00C04F79EFBC}") = "Exercicio_1", "Exercicio_1.csproj", "{3439CAEF-A455-40BB-8CC1-72606C3B2D5A}"
EndProject
Global
	GlobalSection(SolutionConfigurationPlatforms) = preSolution
		Debug|Any CPU = Debug|Any CPU
		Release|Any CPU = Release|Any CPU
	EndGlobalSection
	GlobalSection(ProjectConfigurationPlatforms) = postSolution
		{3439CAEF-A455-40BB-8CC1-72606C3B2D5A}.Debug|Any CPU.ActiveCfg = Debug|Any CPU
		{3439CAEF-A455-40BB-8CC1-72606C3B2D5A}.Debug|Any CPU.Build.0 = Debug|Any CPU
		{3439CAEF-A455-40BB-8CC1-72606C3B2D5A}.Release|Any CPU.ActiveCfg = Release|Any CPU
		{3439CAEF-A455-40BB-8CC1-72606C3B2D5A}.Release|Any CPU.Build.0 = Release|Any CPU
	EndGlobalSection
	GlobalSection(SolutionProperties) = preSolution
		HideSolutionNode = FALSE
	EndGlobalSection
	GlobalSection(ExtensibilityGlobals) = postSolution
		SolutionGuid = {C7C1308B-8B2D-4DB9-9F10-2B33AAC53E83}
	EndGlobalSection
EndGlobal
