
Microsoft Visual Studio Solution File, Format Version 12.00
# Visual Studio Version 17
VisualStudioVersion = 17.8.34330.188
MinimumVisualStudioVersion = 10.0.40219.1
Project("{FAE04EC0-301F-11D3-BF4B-00C04F79EFBC}") = "Ex_6", "Ex_6\Ex_6.csproj", "{BB4FB496-B77C-41D2-92B1-2D692E694B92}"
EndProject
Global
	GlobalSection(SolutionConfigurationPlatforms) = preSolution
		Debug|Any CPU = Debug|Any CPU
		Release|Any CPU = Release|Any CPU
	EndGlobalSection
	GlobalSection(ProjectConfigurationPlatforms) = postSolution
		{BB4FB496-B77C-41D2-92B1-2D692E694B92}.Debug|Any CPU.ActiveCfg = Debug|Any CPU
		{BB4FB496-B77C-41D2-92B1-2D692E694B92}.Debug|Any CPU.Build.0 = Debug|Any CPU
		{BB4FB496-B77C-41D2-92B1-2D692E694B92}.Release|Any CPU.ActiveCfg = Release|Any CPU
		{BB4FB496-B77C-41D2-92B1-2D692E694B92}.Release|Any CPU.Build.0 = Release|Any CPU
	EndGlobalSection
	GlobalSection(SolutionProperties) = preSolution
		HideSolutionNode = FALSE
	EndGlobalSection
	GlobalSection(ExtensibilityGlobals) = postSolution
		SolutionGuid = {4283A7B8-E41F-4E70-9E96-B41D86CB3C9B}
	EndGlobalSection
EndGlobal
