
Microsoft Visual Studio Solution File, Format Version 12.00
# Visual Studio Version 17
VisualStudioVersion = 17.8.34330.188
MinimumVisualStudioVersion = 10.0.40219.1
Project("{FAE04EC0-301F-11D3-BF4B-00C04F79EFBC}") = "loop - FOR", "loop - FOR\loop - FOR.csproj", "{4848C22D-8361-45DA-A1C5-93C419B2E187}"
EndProject
Global
	GlobalSection(SolutionConfigurationPlatforms) = preSolution
		Debug|Any CPU = Debug|Any CPU
		Release|Any CPU = Release|Any CPU
	EndGlobalSection
	GlobalSection(ProjectConfigurationPlatforms) = postSolution
		{4848C22D-8361-45DA-A1C5-93C419B2E187}.Debug|Any CPU.ActiveCfg = Debug|Any CPU
		{4848C22D-8361-45DA-A1C5-93C419B2E187}.Debug|Any CPU.Build.0 = Debug|Any CPU
		{4848C22D-8361-45DA-A1C5-93C419B2E187}.Release|Any CPU.ActiveCfg = Release|Any CPU
		{4848C22D-8361-45DA-A1C5-93C419B2E187}.Release|Any CPU.Build.0 = Release|Any CPU
	EndGlobalSection
	GlobalSection(SolutionProperties) = preSolution
		HideSolutionNode = FALSE
	EndGlobalSection
	GlobalSection(ExtensibilityGlobals) = postSolution
		SolutionGuid = {2D7BDF12-6A94-4B18-9516-584A2CC0FA20}
	EndGlobalSection
EndGlobal
