
Microsoft Visual Studio Solution File, Format Version 12.00
# Visual Studio Version 17
VisualStudioVersion = 17.8.34525.116
MinimumVisualStudioVersion = 10.0.40219.1
Project("{FAE04EC0-301F-11D3-BF4B-00C04F79EFBC}") = "Calculadora", "Calculadora.csproj", "{630EB6CE-5A97-4B56-B08B-88D31BF1FE89}"
EndProject
Global
	GlobalSection(SolutionConfigurationPlatforms) = preSolution
		Debug|Any CPU = Debug|Any CPU
		Release|Any CPU = Release|Any CPU
	EndGlobalSection
	GlobalSection(ProjectConfigurationPlatforms) = postSolution
		{630EB6CE-5A97-4B56-B08B-88D31BF1FE89}.Debug|Any CPU.ActiveCfg = Debug|Any CPU
		{630EB6CE-5A97-4B56-B08B-88D31BF1FE89}.Debug|Any CPU.Build.0 = Debug|Any CPU
		{630EB6CE-5A97-4B56-B08B-88D31BF1FE89}.Release|Any CPU.ActiveCfg = Release|Any CPU
		{630EB6CE-5A97-4B56-B08B-88D31BF1FE89}.Release|Any CPU.Build.0 = Release|Any CPU
	EndGlobalSection
	GlobalSection(SolutionProperties) = preSolution
		HideSolutionNode = FALSE
	EndGlobalSection
	GlobalSection(ExtensibilityGlobals) = postSolution
		SolutionGuid = {2CE4AB30-2EC0-4B35-9B5D-4CBFB73CA2AF}
	EndGlobalSection
EndGlobal
