
Microsoft Visual Studio Solution File, Format Version 12.00
# Visual Studio Version 17
VisualStudioVersion = 17.8.34330.188
MinimumVisualStudioVersion = 10.0.40219.1
Project("{FAE04EC0-301F-11D3-BF4B-00C04F79EFBC}") = "PedraPapelTesoura", "PedraPapelTesoura\PedraPapelTesoura.csproj", "{AEA2BE68-803D-4520-B271-DB3E6682583A}"
EndProject
Global
	GlobalSection(SolutionConfigurationPlatforms) = preSolution
		Debug|Any CPU = Debug|Any CPU
		Release|Any CPU = Release|Any CPU
	EndGlobalSection
	GlobalSection(ProjectConfigurationPlatforms) = postSolution
		{AEA2BE68-803D-4520-B271-DB3E6682583A}.Debug|Any CPU.ActiveCfg = Debug|Any CPU
		{AEA2BE68-803D-4520-B271-DB3E6682583A}.Debug|Any CPU.Build.0 = Debug|Any CPU
		{AEA2BE68-803D-4520-B271-DB3E6682583A}.Release|Any CPU.ActiveCfg = Release|Any CPU
		{AEA2BE68-803D-4520-B271-DB3E6682583A}.Release|Any CPU.Build.0 = Release|Any CPU
	EndGlobalSection
	GlobalSection(SolutionProperties) = preSolution
		HideSolutionNode = FALSE
	EndGlobalSection
	GlobalSection(ExtensibilityGlobals) = postSolution
		SolutionGuid = {37B5FC70-FE73-4198-9EAE-9A7001D34794}
	EndGlobalSection
EndGlobal
