
Microsoft Visual Studio Solution File, Format Version 12.00
# Visual Studio Version 17
VisualStudioVersion = 17.8.34525.116
MinimumVisualStudioVersion = 10.0.40219.1
Project("{FAE04EC0-301F-11D3-BF4B-00C04F79EFBC}") = "FileStream-StreamWriter", "FileStream-StreamWriter\FileStream-StreamWriter.csproj", "{13838048-EFBD-4F80-9E88-5476DFA2B127}"
EndProject
Global
	GlobalSection(SolutionConfigurationPlatforms) = preSolution
		Debug|Any CPU = Debug|Any CPU
		Release|Any CPU = Release|Any CPU
	EndGlobalSection
	GlobalSection(ProjectConfigurationPlatforms) = postSolution
		{13838048-EFBD-4F80-9E88-5476DFA2B127}.Debug|Any CPU.ActiveCfg = Debug|Any CPU
		{13838048-EFBD-4F80-9E88-5476DFA2B127}.Debug|Any CPU.Build.0 = Debug|Any CPU
		{13838048-EFBD-4F80-9E88-5476DFA2B127}.Release|Any CPU.ActiveCfg = Release|Any CPU
		{13838048-EFBD-4F80-9E88-5476DFA2B127}.Release|Any CPU.Build.0 = Release|Any CPU
	EndGlobalSection
	GlobalSection(SolutionProperties) = preSolution
		HideSolutionNode = FALSE
	EndGlobalSection
	GlobalSection(ExtensibilityGlobals) = postSolution
		SolutionGuid = {5C1CED11-98DB-426B-8569-2C5D0F1EA504}
	EndGlobalSection
EndGlobal
