
Microsoft Visual Studio Solution File, Format Version 12.00
# Visual Studio Version 17
VisualStudioVersion = 17.8.34525.116
MinimumVisualStudioVersion = 10.0.40219.1
Project("{FAE04EC0-301F-11D3-BF4B-00C04F79EFBC}") = "Delegates", "Delegates\Delegates.csproj", "{8C5DED3F-685D-4ED2-B8EC-A60CE2C65566}"
EndProject
Global
	GlobalSection(SolutionConfigurationPlatforms) = preSolution
		Debug|Any CPU = Debug|Any CPU
		Release|Any CPU = Release|Any CPU
	EndGlobalSection
	GlobalSection(ProjectConfigurationPlatforms) = postSolution
		{8C5DED3F-685D-4ED2-B8EC-A60CE2C65566}.Debug|Any CPU.ActiveCfg = Debug|Any CPU
		{8C5DED3F-685D-4ED2-B8EC-A60CE2C65566}.Debug|Any CPU.Build.0 = Debug|Any CPU
		{8C5DED3F-685D-4ED2-B8EC-A60CE2C65566}.Release|Any CPU.ActiveCfg = Release|Any CPU
		{8C5DED3F-685D-4ED2-B8EC-A60CE2C65566}.Release|Any CPU.Build.0 = Release|Any CPU
	EndGlobalSection
	GlobalSection(SolutionProperties) = preSolution
		HideSolutionNode = FALSE
	EndGlobalSection
	GlobalSection(ExtensibilityGlobals) = postSolution
		SolutionGuid = {11436585-3782-461A-B7F7-E8BB5CF2AB73}
	EndGlobalSection
EndGlobal
