
Microsoft Visual Studio Solution File, Format Version 12.00
# Visual Studio Version 17
VisualStudioVersion = 17.8.34525.116
MinimumVisualStudioVersion = 10.0.40219.1
Project("{FAE04EC0-301F-11D3-BF4B-00C04F79EFBC}") = "Problema_resolvido_1", "Problema_resolvido_1\Problema_resolvido_1.csproj", "{09069162-C06E-4B44-A4ED-7B3742F6293D}"
EndProject
Global
	GlobalSection(SolutionConfigurationPlatforms) = preSolution
		Debug|Any CPU = Debug|Any CPU
		Release|Any CPU = Release|Any CPU
	EndGlobalSection
	GlobalSection(ProjectConfigurationPlatforms) = postSolution
		{09069162-C06E-4B44-A4ED-7B3742F6293D}.Debug|Any CPU.ActiveCfg = Debug|Any CPU
		{09069162-C06E-4B44-A4ED-7B3742F6293D}.Debug|Any CPU.Build.0 = Debug|Any CPU
		{09069162-C06E-4B44-A4ED-7B3742F6293D}.Release|Any CPU.ActiveCfg = Release|Any CPU
		{09069162-C06E-4B44-A4ED-7B3742F6293D}.Release|Any CPU.Build.0 = Release|Any CPU
	EndGlobalSection
	GlobalSection(SolutionProperties) = preSolution
		HideSolutionNode = FALSE
	EndGlobalSection
	GlobalSection(ExtensibilityGlobals) = postSolution
		SolutionGuid = {D3E64254-4933-450B-AA74-90949DC14D37}
	EndGlobalSection
EndGlobal
